// !$*UTF8*$!
{
	archiveVersion = 1;
	classes = {
	};
	objectVersion = 50;
	objects = {

/* Begin PBXBuildFile section */
		067B10E1222FD96100B9E739 /* AppDelegate.swift in Sources */ = {isa = PBXBuildFile; fileRef = 067B10E0222FD96100B9E739 /* AppDelegate.swift */; };
		067B10E3222FD96100B9E739 /* ViewController.swift in Sources */ = {isa = PBXBuildFile; fileRef = 067B10E2222FD96100B9E739 /* ViewController.swift */; };
		067B10E6222FD96100B9E739 /* Main.storyboard in Resources */ = {isa = PBXBuildFile; fileRef = 067B10E4222FD96100B9E739 /* Main.storyboard */; };
		067B10E8222FD96300B9E739 /* Assets.xcassets in Resources */ = {isa = PBXBuildFile; fileRef = 067B10E7222FD96300B9E739 /* Assets.xcassets */; };
		067B10EB222FD96300B9E739 /* LaunchScreen.storyboard in Resources */ = {isa = PBXBuildFile; fileRef = 067B10E9222FD96300B9E739 /* LaunchScreen.storyboard */; };
		067B10F6222FD96300B9E739 /* weather_appTests.swift in Sources */ = {isa = PBXBuildFile; fileRef = 067B10F5222FD96300B9E739 /* weather_appTests.swift */; };
		067B1101222FD96300B9E739 /* weather_appUITests.swift in Sources */ = {isa = PBXBuildFile; fileRef = 067B1100222FD96300B9E739 /* weather_appUITests.swift */; };
		067B110F222FE6BF00B9E739 /* ModelAPI.swift in Sources */ = {isa = PBXBuildFile; fileRef = 067B110E222FE6BF00B9E739 /* ModelAPI.swift */; };
		067B1114222FEAA500B9E739 /* ModelWeather.swift in Sources */ = {isa = PBXBuildFile; fileRef = 067B1113222FEAA500B9E739 /* ModelWeather.swift */; };
		06C4ADF3224247970058F465 /* stringParser.swift in Sources */ = {isa = PBXBuildFile; fileRef = 06C4ADF2224247970058F465 /* stringParser.swift */; };
		06C4ADF52242481A0058F465 /* stringParserProtocol.swift in Sources */ = {isa = PBXBuildFile; fileRef = 06C4ADF42242481A0058F465 /* stringParserProtocol.swift */; };
		06C4ADF722424CAC0058F465 /* weatherParser.swift in Sources */ = {isa = PBXBuildFile; fileRef = 06C4ADF622424CAC0058F465 /* weatherParser.swift */; };
		06C4ADF922424DBF0058F465 /* weatherParserProtocol.swift in Sources */ = {isa = PBXBuildFile; fileRef = 06C4ADF822424DBF0058F465 /* weatherParserProtocol.swift */; };
/* End PBXBuildFile section */

/* Begin PBXContainerItemProxy section */
		067B10F2222FD96300B9E739 /* PBXContainerItemProxy */ = {
			isa = PBXContainerItemProxy;
			containerPortal = 067B10D5222FD96100B9E739 /* Project object */;
			proxyType = 1;
			remoteGlobalIDString = 067B10DC222FD96100B9E739;
			remoteInfo = "weather-app";
		};
		067B10FD222FD96300B9E739 /* PBXContainerItemProxy */ = {
			isa = PBXContainerItemProxy;
			containerPortal = 067B10D5222FD96100B9E739 /* Project object */;
			proxyType = 1;
			remoteGlobalIDString = 067B10DC222FD96100B9E739;
			remoteInfo = "weather-app";
		};
/* End PBXContainerItemProxy section */

/* Begin PBXFileReference section */
		067B10DD222FD96100B9E739 /* weather-app.app */ = {isa = PBXFileReference; explicitFileType = wrapper.application; includeInIndex = 0; path = "weather-app.app"; sourceTree = BUILT_PRODUCTS_DIR; };
		067B10E0222FD96100B9E739 /* AppDelegate.swift */ = {isa = PBXFileReference; lastKnownFileType = sourcecode.swift; path = AppDelegate.swift; sourceTree = "<group>"; };
		067B10E2222FD96100B9E739 /* ViewController.swift */ = {isa = PBXFileReference; lastKnownFileType = sourcecode.swift; path = ViewController.swift; sourceTree = "<group>"; };
		067B10E5222FD96100B9E739 /* Base */ = {isa = PBXFileReference; lastKnownFileType = file.storyboard; name = Base; path = Base.lproj/Main.storyboard; sourceTree = "<group>"; };
		067B10E7222FD96300B9E739 /* Assets.xcassets */ = {isa = PBXFileReference; lastKnownFileType = folder.assetcatalog; path = Assets.xcassets; sourceTree = "<group>"; };
		067B10EA222FD96300B9E739 /* Base */ = {isa = PBXFileReference; lastKnownFileType = file.storyboard; name = Base; path = Base.lproj/LaunchScreen.storyboard; sourceTree = "<group>"; };
		067B10EC222FD96300B9E739 /* Info.plist */ = {isa = PBXFileReference; lastKnownFileType = text.plist.xml; path = Info.plist; sourceTree = "<group>"; };
		067B10F1222FD96300B9E739 /* weather-appTests.xctest */ = {isa = PBXFileReference; explicitFileType = wrapper.cfbundle; includeInIndex = 0; path = "weather-appTests.xctest"; sourceTree = BUILT_PRODUCTS_DIR; };
		067B10F5222FD96300B9E739 /* weather_appTests.swift */ = {isa = PBXFileReference; lastKnownFileType = sourcecode.swift; path = weather_appTests.swift; sourceTree = "<group>"; };
		067B10F7222FD96300B9E739 /* Info.plist */ = {isa = PBXFileReference; lastKnownFileType = text.plist.xml; path = Info.plist; sourceTree = "<group>"; };
		067B10FC222FD96300B9E739 /* weather-appUITests.xctest */ = {isa = PBXFileReference; explicitFileType = wrapper.cfbundle; includeInIndex = 0; path = "weather-appUITests.xctest"; sourceTree = BUILT_PRODUCTS_DIR; };
		067B1100222FD96300B9E739 /* weather_appUITests.swift */ = {isa = PBXFileReference; lastKnownFileType = sourcecode.swift; path = weather_appUITests.swift; sourceTree = "<group>"; };
		067B1102222FD96300B9E739 /* Info.plist */ = {isa = PBXFileReference; lastKnownFileType = text.plist.xml; path = Info.plist; sourceTree = "<group>"; };
		067B110E222FE6BF00B9E739 /* ModelAPI.swift */ = {isa = PBXFileReference; lastKnownFileType = sourcecode.swift; path = ModelAPI.swift; sourceTree = "<group>"; };
		067B1113222FEAA500B9E739 /* ModelWeather.swift */ = {isa = PBXFileReference; lastKnownFileType = sourcecode.swift; path = ModelWeather.swift; sourceTree = "<group>"; };
		06C4ADF2224247970058F465 /* stringParser.swift */ = {isa = PBXFileReference; lastKnownFileType = sourcecode.swift; path = stringParser.swift; sourceTree = "<group>"; };
		06C4ADF42242481A0058F465 /* stringParserProtocol.swift */ = {isa = PBXFileReference; lastKnownFileType = sourcecode.swift; path = stringParserProtocol.swift; sourceTree = "<group>"; };
		06C4ADF622424CAC0058F465 /* weatherParser.swift */ = {isa = PBXFileReference; lastKnownFileType = sourcecode.swift; path = weatherParser.swift; sourceTree = "<group>"; };
		06C4ADF822424DBF0058F465 /* weatherParserProtocol.swift */ = {isa = PBXFileReference; lastKnownFileType = sourcecode.swift; path = weatherParserProtocol.swift; sourceTree = "<group>"; };
/* End PBXFileReference section */

/* Begin PBXFrameworksBuildPhase section */
		067B10DA222FD96100B9E739 /* Frameworks */ = {
			isa = PBXFrameworksBuildPhase;
			buildActionMask = 2147483647;
			files = (
			);
			runOnlyForDeploymentPostprocessing = 0;
		};
		067B10EE222FD96300B9E739 /* Frameworks */ = {
			isa = PBXFrameworksBuildPhase;
			buildActionMask = 2147483647;
			files = (
			);
			runOnlyForDeploymentPostprocessing = 0;
		};
		067B10F9222FD96300B9E739 /* Frameworks */ = {
			isa = PBXFrameworksBuildPhase;
			buildActionMask = 2147483647;
			files = (
			);
			runOnlyForDeploymentPostprocessing = 0;
		};
/* End PBXFrameworksBuildPhase section */

/* Begin PBXGroup section */
		067B10D4222FD96100B9E739 = {
			isa = PBXGroup;
			children = (
				067B10DF222FD96100B9E739 /* weather-app */,
				067B10F4222FD96300B9E739 /* weather-appTests */,
				067B10FF222FD96300B9E739 /* weather-appUITests */,
				067B10DE222FD96100B9E739 /* Products */,
			);
			sourceTree = "<group>";
		};
		067B10DE222FD96100B9E739 /* Products */ = {
			isa = PBXGroup;
			children = (
				067B10DD222FD96100B9E739 /* weather-app.app */,
				067B10F1222FD96300B9E739 /* weather-appTests.xctest */,
				067B10FC222FD96300B9E739 /* weather-appUITests.xctest */,
			);
			name = Products;
			sourceTree = "<group>";
		};
		067B10DF222FD96100B9E739 /* weather-app */ = {
			isa = PBXGroup;
			children = (
				92ECDDB1223982D600180799 /* Models */,
				067B10E0222FD96100B9E739 /* AppDelegate.swift */,
				92ECDDB322399C3F00180799 /* Controllers */,
				92ECDDB222399C3100180799 /* Views */,
				067B10E7222FD96300B9E739 /* Assets.xcassets */,
				067B10EC222FD96300B9E739 /* Info.plist */,
			);
			path = "weather-app";
			sourceTree = "<group>";
		};
		067B10F4222FD96300B9E739 /* weather-appTests */ = {
			isa = PBXGroup;
			children = (
				067B10F5222FD96300B9E739 /* weather_appTests.swift */,
				067B10F7222FD96300B9E739 /* Info.plist */,
			);
			path = "weather-appTests";
			sourceTree = "<group>";
		};
		067B10FF222FD96300B9E739 /* weather-appUITests */ = {
			isa = PBXGroup;
			children = (
				067B1100222FD96300B9E739 /* weather_appUITests.swift */,
				067B1102222FD96300B9E739 /* Info.plist */,
			);
			path = "weather-appUITests";
			sourceTree = "<group>";
		};
		06C4ADF12242475B0058F465 /* utils */ = {
			isa = PBXGroup;
			children = (
				06C4ADF2224247970058F465 /* stringParser.swift */,
				06C4ADF42242481A0058F465 /* stringParserProtocol.swift */,
				06C4ADF622424CAC0058F465 /* weatherParser.swift */,
				06C4ADF822424DBF0058F465 /* weatherParserProtocol.swift */,
			);
			path = utils;
			sourceTree = "<group>";
		};
		92ECDDB1223982D600180799 /* Models */ = {
			isa = PBXGroup;
			children = (
				06C4ADF12242475B0058F465 /* utils */,
				067B110E222FE6BF00B9E739 /* ModelAPI.swift */,
				067B1113222FEAA500B9E739 /* ModelWeather.swift */,
			);
			path = Models;
			sourceTree = "<group>";
		};
		92ECDDB222399C3100180799 /* Views */ = {
			isa = PBXGroup;
			children = (
				067B10E4222FD96100B9E739 /* Main.storyboard */,
				067B10E9222FD96300B9E739 /* LaunchScreen.storyboard */,
			);
			path = Views;
			sourceTree = "<group>";
		};
		92ECDDB322399C3F00180799 /* Controllers */ = {
			isa = PBXGroup;
			children = (
				067B10E2222FD96100B9E739 /* ViewController.swift */,
			);
			path = Controllers;
			sourceTree = "<group>";
		};
/* End PBXGroup section */

/* Begin PBXNativeTarget section */
		067B10DC222FD96100B9E739 /* weather-app */ = {
			isa = PBXNativeTarget;
			buildConfigurationList = 067B1105222FD96300B9E739 /* Build configuration list for PBXNativeTarget "weather-app" */;
			buildPhases = (
				067B10D9222FD96100B9E739 /* Sources */,
				067B10DA222FD96100B9E739 /* Frameworks */,
				067B10DB222FD96100B9E739 /* Resources */,
			);
			buildRules = (
			);
			dependencies = (
			);
			name = "weather-app";
			productName = "weather-app";
			productReference = 067B10DD222FD96100B9E739 /* weather-app.app */;
			productType = "com.apple.product-type.application";
		};
		067B10F0222FD96300B9E739 /* weather-appTests */ = {
			isa = PBXNativeTarget;
			buildConfigurationList = 067B1108222FD96300B9E739 /* Build configuration list for PBXNativeTarget "weather-appTests" */;
			buildPhases = (
				067B10ED222FD96300B9E739 /* Sources */,
				067B10EE222FD96300B9E739 /* Frameworks */,
				067B10EF222FD96300B9E739 /* Resources */,
			);
			buildRules = (
			);
			dependencies = (
				067B10F3222FD96300B9E739 /* PBXTargetDependency */,
			);
			name = "weather-appTests";
			productName = "weather-appTests";
			productReference = 067B10F1222FD96300B9E739 /* weather-appTests.xctest */;
			productType = "com.apple.product-type.bundle.unit-test";
		};
		067B10FB222FD96300B9E739 /* weather-appUITests */ = {
			isa = PBXNativeTarget;
			buildConfigurationList = 067B110B222FD96300B9E739 /* Build configuration list for PBXNativeTarget "weather-appUITests" */;
			buildPhases = (
				067B10F8222FD96300B9E739 /* Sources */,
				067B10F9222FD96300B9E739 /* Frameworks */,
				067B10FA222FD96300B9E739 /* Resources */,
			);
			buildRules = (
			);
			dependencies = (
				067B10FE222FD96300B9E739 /* PBXTargetDependency */,
			);
			name = "weather-appUITests";
			productName = "weather-appUITests";
			productReference = 067B10FC222FD96300B9E739 /* weather-appUITests.xctest */;
			productType = "com.apple.product-type.bundle.ui-testing";
		};
/* End PBXNativeTarget section */

/* Begin PBXProject section */
		067B10D5222FD96100B9E739 /* Project object */ = {
			isa = PBXProject;
			attributes = {
				LastSwiftUpdateCheck = 1000;
				LastUpgradeCheck = 1000;
				ORGANIZATIONNAME = RMS2018;
				TargetAttributes = {
					067B10DC222FD96100B9E739 = {
						CreatedOnToolsVersion = 10.0;
					};
					067B10F0222FD96300B9E739 = {
						CreatedOnToolsVersion = 10.0;
						TestTargetID = 067B10DC222FD96100B9E739;
					};
					067B10FB222FD96300B9E739 = {
						CreatedOnToolsVersion = 10.0;
						TestTargetID = 067B10DC222FD96100B9E739;
					};
				};
			};
			buildConfigurationList = 067B10D8222FD96100B9E739 /* Build configuration list for PBXProject "weather-app" */;
			compatibilityVersion = "Xcode 9.3";
			developmentRegion = en;
			hasScannedForEncodings = 0;
			knownRegions = (
				en,
				Base,
			);
			mainGroup = 067B10D4222FD96100B9E739;
			productRefGroup = 067B10DE222FD96100B9E739 /* Products */;
			projectDirPath = "";
			projectRoot = "";
			targets = (
				067B10DC222FD96100B9E739 /* weather-app */,
				067B10F0222FD96300B9E739 /* weather-appTests */,
				067B10FB222FD96300B9E739 /* weather-appUITests */,
			);
		};
/* End PBXProject section */

/* Begin PBXResourcesBuildPhase section */
		067B10DB222FD96100B9E739 /* Resources */ = {
			isa = PBXResourcesBuildPhase;
			buildActionMask = 2147483647;
			files = (
				067B10EB222FD96300B9E739 /* LaunchScreen.storyboard in Resources */,
				067B10E8222FD96300B9E739 /* Assets.xcassets in Resources */,
				067B10E6222FD96100B9E739 /* Main.storyboard in Resources */,
			);
			runOnlyForDeploymentPostprocessing = 0;
		};
		067B10EF222FD96300B9E739 /* Resources */ = {
			isa = PBXResourcesBuildPhase;
			buildActionMask = 2147483647;
			files = (
			);
			runOnlyForDeploymentPostprocessing = 0;
		};
		067B10FA222FD96300B9E739 /* Resources */ = {
			isa = PBXResourcesBuildPhase;
			buildActionMask = 2147483647;
			files = (
			);
			runOnlyForDeploymentPostprocessing = 0;
		};
/* End PBXResourcesBuildPhase section */

/* Begin PBXSourcesBuildPhase section */
		067B10D9222FD96100B9E739 /* Sources */ = {
			isa = PBXSourcesBuildPhase;
			buildActionMask = 2147483647;
			files = (
				067B110F222FE6BF00B9E739 /* ModelAPI.swift in Sources */,
				06C4ADF52242481A0058F465 /* stringParserProtocol.swift in Sources */,
				067B10E3222FD96100B9E739 /* ViewController.swift in Sources */,
				067B1114222FEAA500B9E739 /* ModelWeather.swift in Sources */,
				06C4ADF722424CAC0058F465 /* weatherParser.swift in Sources */,
				06C4ADF922424DBF0058F465 /* weatherParserProtocol.swift in Sources */,
				067B10E1222FD96100B9E739 /* AppDelegate.swift in Sources */,
				06C4ADF3224247970058F465 /* stringParser.swift in Sources */,
			);
			runOnlyForDeploymentPostprocessing = 0;
		};
		067B10ED222FD96300B9E739 /* Sources */ = {
			isa = PBXSourcesBuildPhase;
			buildActionMask = 2147483647;
			files = (
				067B10F6222FD96300B9E739 /* weather_appTests.swift in Sources */,
			);
			runOnlyForDeploymentPostprocessing = 0;
		};
		067B10F8222FD96300B9E739 /* Sources */ = {
			isa = PBXSourcesBuildPhase;
			buildActionMask = 2147483647;
			files = (
				067B1101222FD96300B9E739 /* weather_appUITests.swift in Sources */,
			);
			runOnlyForDeploymentPostprocessing = 0;
		};
/* End PBXSourcesBuildPhase section */

/* Begin PBXTargetDependency section */
		067B10F3222FD96300B9E739 /* PBXTargetDependency */ = {
			isa = PBXTargetDependency;
			target = 067B10DC222FD96100B9E739 /* weather-app */;
			targetProxy = 067B10F2222FD96300B9E739 /* PBXContainerItemProxy */;
		};
		067B10FE222FD96300B9E739 /* PBXTargetDependency */ = {
			isa = PBXTargetDependency;
			target = 067B10DC222FD96100B9E739 /* weather-app */;
			targetProxy = 067B10FD222FD96300B9E739 /* PBXContainerItemProxy */;
		};
/* End PBXTargetDependency section */

/* Begin PBXVariantGroup section */
		067B10E4222FD96100B9E739 /* Main.storyboard */ = {
			isa = PBXVariantGroup;
			children = (
				067B10E5222FD96100B9E739 /* Base */,
			);
			name = Main.storyboard;
			sourceTree = "<group>";
		};
		067B10E9222FD96300B9E739 /* LaunchScreen.storyboard */ = {
			isa = PBXVariantGroup;
			children = (
				067B10EA222FD96300B9E739 /* Base */,
			);
			name = LaunchScreen.storyboard;
			sourceTree = "<group>";
		};
/* End PBXVariantGroup section */

/* Begin XCBuildConfiguration section */
		067B1103222FD96300B9E739 /* Debug */ = {
			isa = XCBuildConfiguration;
			buildSettings = {
				ALWAYS_SEARCH_USER_PATHS = NO;
				CLANG_ANALYZER_NONNULL = YES;
				CLANG_ANALYZER_NUMBER_OBJECT_CONVERSION = YES_AGGRESSIVE;
				CLANG_CXX_LANGUAGE_STANDARD = "gnu++14";
				CLANG_CXX_LIBRARY = "libc++";
				CLANG_ENABLE_MODULES = YES;
				CLANG_ENABLE_OBJC_ARC = YES;
				CLANG_ENABLE_OBJC_WEAK = YES;
				CLANG_WARN_BLOCK_CAPTURE_AUTORELEASING = YES;
				CLANG_WARN_BOOL_CONVERSION = YES;
				CLANG_WARN_COMMA = YES;
				CLANG_WARN_CONSTANT_CONVERSION = YES;
				CLANG_WARN_DEPRECATED_OBJC_IMPLEMENTATIONS = YES;
				CLANG_WARN_DIRECT_OBJC_ISA_USAGE = YES_ERROR;
				CLANG_WARN_DOCUMENTATION_COMMENTS = YES;
				CLANG_WARN_EMPTY_BODY = YES;
				CLANG_WARN_ENUM_CONVERSION = YES;
				CLANG_WARN_INFINITE_RECURSION = YES;
				CLANG_WARN_INT_CONVERSION = YES;
				CLANG_WARN_NON_LITERAL_NULL_CONVERSION = YES;
				CLANG_WARN_OBJC_IMPLICIT_RETAIN_SELF = YES;
				CLANG_WARN_OBJC_LITERAL_CONVERSION = YES;
				CLANG_WARN_OBJC_ROOT_CLASS = YES_ERROR;
				CLANG_WARN_RANGE_LOOP_ANALYSIS = YES;
				CLANG_WARN_STRICT_PROTOTYPES = YES;
				CLANG_WARN_SUSPICIOUS_MOVE = YES;
				CLANG_WARN_UNGUARDED_AVAILABILITY = YES_AGGRESSIVE;
				CLANG_WARN_UNREACHABLE_CODE = YES;
				CLANG_WARN__DUPLICATE_METHOD_MATCH = YES;
				CODE_SIGN_IDENTITY = "iPhone Developer";
				COPY_PHASE_STRIP = NO;
				DEBUG_INFORMATION_FORMAT = dwarf;
				ENABLE_STRICT_OBJC_MSGSEND = YES;
				ENABLE_TESTABILITY = YES;
				GCC_C_LANGUAGE_STANDARD = gnu11;
				GCC_DYNAMIC_NO_PIC = NO;
				GCC_NO_COMMON_BLOCKS = YES;
				GCC_OPTIMIZATION_LEVEL = 0;
				GCC_PREPROCESSOR_DEFINITIONS = (
					"DEBUG=1",
					"$(inherited)",
				);
				GCC_WARN_64_TO_32_BIT_CONVERSION = YES;
				GCC_WARN_ABOUT_RETURN_TYPE = YES_ERROR;
				GCC_WARN_UNDECLARED_SELECTOR = YES;
				GCC_WARN_UNINITIALIZED_AUTOS = YES_AGGRESSIVE;
				GCC_WARN_UNUSED_FUNCTION = YES;
				GCC_WARN_UNUSED_VARIABLE = YES;
				IPHONEOS_DEPLOYMENT_TARGET = 12.0;
				MTL_ENABLE_DEBUG_INFO = INCLUDE_SOURCE;
				MTL_FAST_MATH = YES;
				ONLY_ACTIVE_ARCH = YES;
				SDKROOT = iphoneos;
				SWIFT_ACTIVE_COMPILATION_CONDITIONS = DEBUG;
				SWIFT_OPTIMIZATION_LEVEL = "-Onone";
			};
			name = Debug;
		};
		067B1104222FD96300B9E739 /* Release */ = {
			isa = XCBuildConfiguration;
			buildSettings = {
				ALWAYS_SEARCH_USER_PATHS = NO;
				CLANG_ANALYZER_NONNULL = YES;
				CLANG_ANALYZER_NUMBER_OBJECT_CONVERSION = YES_AGGRESSIVE;
				CLANG_CXX_LANGUAGE_STANDARD = "gnu++14";
				CLANG_CXX_LIBRARY = "libc++";
				CLANG_ENABLE_MODULES = YES;
				CLANG_ENABLE_OBJC_ARC = YES;
				CLANG_ENABLE_OBJC_WEAK = YES;
				CLANG_WARN_BLOCK_CAPTURE_AUTORELEASING = YES;
				CLANG_WARN_BOOL_CONVERSION = YES;
				CLANG_WARN_COMMA = YES;
				CLANG_WARN_CONSTANT_CONVERSION = YES;
				CLANG_WARN_DEPRECATED_OBJC_IMPLEMENTATIONS = YES;
				CLANG_WARN_DIRECT_OBJC_ISA_USAGE = YES_ERROR;
				CLANG_WARN_DOCUMENTATION_COMMENTS = YES;
				CLANG_WARN_EMPTY_BODY = YES;
				CLANG_WARN_ENUM_CONVERSION = YES;
				CLANG_WARN_INFINITE_RECURSION = YES;
				CLANG_WARN_INT_CONVERSION = YES;
				CLANG_WARN_NON_LITERAL_NULL_CONVERSION = YES;
				CLANG_WARN_OBJC_IMPLICIT_RETAIN_SELF = YES;
				CLANG_WARN_OBJC_LITERAL_CONVERSION = YES;
				CLANG_WARN_OBJC_ROOT_CLASS = YES_ERROR;
				CLANG_WARN_RANGE_LOOP_ANALYSIS = YES;
				CLANG_WARN_STRICT_PROTOTYPES = YES;
				CLANG_WARN_SUSPICIOUS_MOVE = YES;
				CLANG_WARN_UNGUARDED_AVAILABILITY = YES_AGGRESSIVE;
				CLANG_WARN_UNREACHABLE_CODE = YES;
				CLANG_WARN__DUPLICATE_METHOD_MATCH = YES;
				CODE_SIGN_IDENTITY = "iPhone Developer";
				COPY_PHASE_STRIP = NO;
				DEBUG_INFORMATION_FORMAT = "dwarf-with-dsym";
				ENABLE_NS_ASSERTIONS = NO;
				ENABLE_STRICT_OBJC_MSGSEND = YES;
				GCC_C_LANGUAGE_STANDARD = gnu11;
				GCC_NO_COMMON_BLOCKS = YES;
				GCC_WARN_64_TO_32_BIT_CONVERSION = YES;
				GCC_WARN_ABOUT_RETURN_TYPE = YES_ERROR;
				GCC_WARN_UNDECLARED_SELECTOR = YES;
				GCC_WARN_UNINITIALIZED_AUTOS = YES_AGGRESSIVE;
				GCC_WARN_UNUSED_FUNCTION = YES;
				GCC_WARN_UNUSED_VARIABLE = YES;
				IPHONEOS_DEPLOYMENT_TARGET = 12.0;
				MTL_ENABLE_DEBUG_INFO = NO;
				MTL_FAST_MATH = YES;
				SDKROOT = iphoneos;
				SWIFT_COMPILATION_MODE = wholemodule;
				SWIFT_OPTIMIZATION_LEVEL = "-O";
				VALIDATE_PRODUCT = YES;
			};
			name = Release;
		};
		067B1106222FD96300B9E739 /* Debug */ = {
			isa = XCBuildConfiguration;
			buildSettings = {
				ASSETCATALOG_COMPILER_APPICON_NAME = AppIcon;
				CODE_SIGN_STYLE = Automatic;
				DEVELOPMENT_TEAM = HH8V4AZG83;
				INFOPLIST_FILE = "weather-app/Info.plist";
				IPHONEOS_DEPLOYMENT_TARGET = 10.0;
				LD_RUNPATH_SEARCH_PATHS = (
					"$(inherited)",
					"@executable_path/Frameworks",
				);
				PRODUCT_BUNDLE_IDENTIFIER = "rms.weather-app";
				PRODUCT_NAME = "$(TARGET_NAME)";
				SWIFT_VERSION = 4.2;
				TARGETED_DEVICE_FAMILY = "1,2";
			};
			name = Debug;
		};
		067B1107222FD96300B9E739 /* Release */ = {
			isa = XCBuildConfiguration;
			buildSettings = {
				ASSETCATALOG_COMPILER_APPICON_NAME = AppIcon;
				CODE_SIGN_STYLE = Automatic;
				DEVELOPMENT_TEAM = HH8V4AZG83;
				INFOPLIST_FILE = "weather-app/Info.plist";
				IPHONEOS_DEPLOYMENT_TARGET = 10.0;
				LD_RUNPATH_SEARCH_PATHS = (
					"$(inherited)",
					"@executable_path/Frameworks",
				);
				PRODUCT_BUNDLE_IDENTIFIER = "rms.weather-app";
				PRODUCT_NAME = "$(TARGET_NAME)";
				SWIFT_VERSION = 4.2;
				TARGETED_DEVICE_FAMILY = "1,2";
			};
			name = Release;
		};
		067B1109222FD96300B9E739 /* Debug */ = {
			isa = XCBuildConfiguration;
			buildSettings = {
				ALWAYS_EMBED_SWIFT_STANDARD_LIBRARIES = YES;
				BUNDLE_LOADER = "$(TEST_HOST)";
				CODE_SIGN_STYLE = Automatic;
				DEVELOPMENT_TEAM = HH8V4AZG83;
				INFOPLIST_FILE = "weather-appTests/Info.plist";
				LD_RUNPATH_SEARCH_PATHS = (
					"$(inherited)",
					"@executable_path/Frameworks",
					"@loader_path/Frameworks",
				);
				PRODUCT_BUNDLE_IDENTIFIER = "rms.weather-appTests";
				PRODUCT_NAME = "$(TARGET_NAME)";
				SWIFT_VERSION = 4.2;
				TARGETED_DEVICE_FAMILY = "1,2";
				TEST_HOST = "$(BUILT_PRODUCTS_DIR)/weather-app.app/weather-app";
			};
			name = Debug;
		};
		067B110A222FD96300B9E739 /* Release */ = {
			isa = XCBuildConfiguration;
			buildSettings = {
				ALWAYS_EMBED_SWIFT_STANDARD_LIBRARIES = YES;
				BUNDLE_LOADER = "$(TEST_HOST)";
				CODE_SIGN_STYLE = Automatic;
				DEVELOPMENT_TEAM = HH8V4AZG83;
				INFOPLIST_FILE = "weather-appTests/Info.plist";
				LD_RUNPATH_SEARCH_PATHS = (
					"$(inherited)",
					"@executable_path/Frameworks",
					"@loader_path/Frameworks",
				);
				PRODUCT_BUNDLE_IDENTIFIER = "rms.weather-appTests";
				PRODUCT_NAME = "$(TARGET_NAME)";
				SWIFT_VERSION = 4.2;
				TARGETED_DEVICE_FAMILY = "1,2";
				TEST_HOST = "$(BUILT_PRODUCTS_DIR)/weather-app.app/weather-app";
			};
			name = Release;
		};
		067B110C222FD96300B9E739 /* Debug */ = {
			isa = XCBuildConfiguration;
			buildSettings = {
				ALWAYS_EMBED_SWIFT_STANDARD_LIBRARIES = YES;
				CODE_SIGN_STYLE = Automatic;
				DEVELOPMENT_TEAM = HH8V4AZG83;
				INFOPLIST_FILE = "weather-appUITests/Info.plist";
				LD_RUNPATH_SEARCH_PATHS = (
					"$(inherited)",
					"@executable_path/Frameworks",
					"@loader_path/Frameworks",
				);
				PRODUCT_BUNDLE_IDENTIFIER = "rms.weather-appUITests";
				PRODUCT_NAME = "$(TARGET_NAME)";
				SWIFT_VERSION = 4.2;
				TARGETED_DEVICE_FAMILY = "1,2";
				TEST_TARGET_NAME = "weather-app";
			};
			name = Debug;
		};
		067B110D222FD96300B9E739 /* Release */ = {
			isa = XCBuildConfiguration;
			buildSettings = {
				ALWAYS_EMBED_SWIFT_STANDARD_LIBRARIES = YES;
				CODE_SIGN_STYLE = Automatic;
				DEVELOPMENT_TEAM = HH8V4AZG83;
				INFOPLIST_FILE = "weather-appUITests/Info.plist";
				LD_RUNPATH_SEARCH_PATHS = (
					"$(inherited)",
					"@executable_path/Frameworks",
					"@loader_path/Frameworks",
				);
				PRODUCT_BUNDLE_IDENTIFIER = "rms.weather-appUITests";
				PRODUCT_NAME = "$(TARGET_NAME)";
				SWIFT_VERSION = 4.2;
				TARGETED_DEVICE_FAMILY = "1,2";
				TEST_TARGET_NAME = "weather-app";
			};
			name = Release;
		};
/* End XCBuildConfiguration section */

/* Begin XCConfigurationList section */
		067B10D8222FD96100B9E739 /* Build configuration list for PBXProject "weather-app" */ = {
			isa = XCConfigurationList;
			buildConfigurations = (
				067B1103222FD96300B9E739 /* Debug */,
				067B1104222FD96300B9E739 /* Release */,
			);
			defaultConfigurationIsVisible = 0;
			defaultConfigurationName = Release;
		};
		067B1105222FD96300B9E739 /* Build configuration list for PBXNativeTarget "weather-app" */ = {
			isa = XCConfigurationList;
			buildConfigurations = (
				067B1106222FD96300B9E739 /* Debug */,
				067B1107222FD96300B9E739 /* Release */,
			);
			defaultConfigurationIsVisible = 0;
			defaultConfigurationName = Release;
		};
		067B1108222FD96300B9E739 /* Build configuration list for PBXNativeTarget "weather-appTests" */ = {
			isa = XCConfigurationList;
			buildConfigurations = (
				067B1109222FD96300B9E739 /* Debug */,
				067B110A222FD96300B9E739 /* Release */,
			);
			defaultConfigurationIsVisible = 0;
			defaultConfigurationName = Release;
		};
		067B110B222FD96300B9E739 /* Build configuration list for PBXNativeTarget "weather-appUITests" */ = {
			isa = XCConfigurationList;
			buildConfigurations = (
				067B110C222FD96300B9E739 /* Debug */,
				067B110D222FD96300B9E739 /* Release */,
			);
			defaultConfigurationIsVisible = 0;
			defaultConfigurationName = Release;
		};
/* End XCConfigurationList section */
	};
	rootObject = 067B10D5222FD96100B9E739 /* Project object */;
}
